
Microsoft Visual Studio Solution File, Format Version 12.00
# Visual Studio Version 16
VisualStudioVersion = 16.0.30413.136
MinimumVisualStudioVersion = 10.0.40219.1
Project("{FAE04EC0-301F-11D3-BF4B-00C04F79EFBC}") = "Beeater.Api", "Beeater.Api\Beeater.Api.csproj", "{8782B237-C0A7-41E4-B51D-52E98E16124A}"
EndProject
Project("{FAE04EC0-301F-11D3-BF4B-00C04F79EFBC}") = "Beeater.Domain", "Beeater.Domain\Beeater.Domain.csproj", "{5E6D7BC3-F44F-4219-AE11-870025374B0B}"
EndProject
Project("{FAE04EC0-301F-11D3-BF4B-00C04F79EFBC}") = "Beeater.Persistence", "Beeater.Persistence\Beeater.Persistence.csproj", "{81C843E5-0181-4DC1-9677-B585FEB42C3D}"
EndProject
Global
	GlobalSection(SolutionConfigurationPlatforms) = preSolution
		Debug|Any CPU = Debug|Any CPU
		Release|Any CPU = Release|Any CPU
	EndGlobalSection
	GlobalSection(ProjectConfigurationPlatforms) = postSolution
		{8782B237-C0A7-41E4-B51D-52E98E16124A}.Debug|Any CPU.ActiveCfg = Debug|Any CPU
		{8782B237-C0A7-41E4-B51D-52E98E16124A}.Debug|Any CPU.Build.0 = Debug|Any CPU
		{8782B237-C0A7-41E4-B51D-52E98E16124A}.Release|Any CPU.ActiveCfg = Release|Any CPU
		{8782B237-C0A7-41E4-B51D-52E98E16124A}.Release|Any CPU.Build.0 = Release|Any CPU
		{5E6D7BC3-F44F-4219-AE11-870025374B0B}.Debug|Any CPU.ActiveCfg = Debug|Any CPU
		{5E6D7BC3-F44F-4219-AE11-870025374B0B}.Debug|Any CPU.Build.0 = Debug|Any CPU
		{5E6D7BC3-F44F-4219-AE11-870025374B0B}.Release|Any CPU.ActiveCfg = Release|Any CPU
		{5E6D7BC3-F44F-4219-AE11-870025374B0B}.Release|Any CPU.Build.0 = Release|Any CPU
		{81C843E5-0181-4DC1-9677-B585FEB42C3D}.Debug|Any CPU.ActiveCfg = Debug|Any CPU
		{81C843E5-0181-4DC1-9677-B585FEB42C3D}.Debug|Any CPU.Build.0 = Debug|Any CPU
		{81C843E5-0181-4DC1-9677-B585FEB42C3D}.Release|Any CPU.ActiveCfg = Release|Any CPU
		{81C843E5-0181-4DC1-9677-B585FEB42C3D}.Release|Any CPU.Build.0 = Release|Any CPU
	EndGlobalSection
	GlobalSection(SolutionProperties) = preSolution
		HideSolutionNode = FALSE
	EndGlobalSection
	GlobalSection(ExtensibilityGlobals) = postSolution
		SolutionGuid = {3A26AF35-0F8A-458F-B404-1576BC4312E5}
	EndGlobalSection
EndGlobal
